
Microsoft Visual Studio Solution File, Format Version 12.00
# Visual Studio Version 17
VisualStudioVersion = 17.9.34728.123
MinimumVisualStudioVersion = 10.0.40219.1
Project("{FAE04EC0-301F-11D3-BF4B-00C04F79EFBC}") = "Diferenca", "Diferenca.csproj", "{37F85521-F56E-4416-A397-A18FE48CCC68}"
EndProject
Global
	GlobalSection(SolutionConfigurationPlatforms) = preSolution
		Debug|Any CPU = Debug|Any CPU
		Release|Any CPU = Release|Any CPU
	EndGlobalSection
	GlobalSection(ProjectConfigurationPlatforms) = postSolution
		{37F85521-F56E-4416-A397-A18FE48CCC68}.Debug|Any CPU.ActiveCfg = Debug|Any CPU
		{37F85521-F56E-4416-A397-A18FE48CCC68}.Debug|Any CPU.Build.0 = Debug|Any CPU
		{37F85521-F56E-4416-A397-A18FE48CCC68}.Release|Any CPU.ActiveCfg = Release|Any CPU
		{37F85521-F56E-4416-A397-A18FE48CCC68}.Release|Any CPU.Build.0 = Release|Any CPU
	EndGlobalSection
	GlobalSection(SolutionProperties) = preSolution
		HideSolutionNode = FALSE
	EndGlobalSection
	GlobalSection(ExtensibilityGlobals) = postSolution
		SolutionGuid = {7DAE653E-EF98-4B0D-8D1C-D62479D571CF}
	EndGlobalSection
EndGlobal
